
Microsoft Visual Studio Solution File, Format Version 12.00
# Visual Studio Version 16
VisualStudioVersion = 16.0.29519.87
MinimumVisualStudioVersion = 10.0.40219.1
Project("{9A19103F-16F7-4668-BE54-9A1E7A4F7556}") = "Assignment", "Assignment\Assignment.csproj", "{D328C664-9E23-4627-A7B6-9B1308716B45}"
EndProject
Project("{9A19103F-16F7-4668-BE54-9A1E7A4F7556}") = "Assignment.Tests", "Assignment.Tests\Assignment.Tests.csproj", "{80ED811B-4CF1-4F93-8197-35271125D8C6}"
EndProject
Project("{9A19103F-16F7-4668-BE54-9A1E7A4F7556}") = "Solution", "Solution\Solution.csproj", "{A9FA8462-AE68-44B6-B20A-2B4F49D9BE87}"
EndProject
Project("{9A19103F-16F7-4668-BE54-9A1E7A4F7556}") = "Solution.Tests", "Solution.Tests\Solution.Tests.csproj", "{474AD1C2-4309-4C1F-84BA-5BDBB759CD2A}"
EndProject
Project("{FAE04EC0-301F-11D3-BF4B-00C04F79EFBC}") = "Solution.ConsoleApp", "Solution.ConsoleApp\Solution.ConsoleApp.csproj", "{7A9D8B1A-47B3-4088-8D5E-A5D46765FB8D}"
EndProject
Global
	GlobalSection(SolutionConfigurationPlatforms) = preSolution
		Debug|Any CPU = Debug|Any CPU
		Release|Any CPU = Release|Any CPU
	EndGlobalSection
	GlobalSection(ProjectConfigurationPlatforms) = postSolution
		{D328C664-9E23-4627-A7B6-9B1308716B45}.Debug|Any CPU.ActiveCfg = Debug|Any CPU
		{D328C664-9E23-4627-A7B6-9B1308716B45}.Debug|Any CPU.Build.0 = Debug|Any CPU
		{D328C664-9E23-4627-A7B6-9B1308716B45}.Release|Any CPU.ActiveCfg = Release|Any CPU
		{D328C664-9E23-4627-A7B6-9B1308716B45}.Release|Any CPU.Build.0 = Release|Any CPU
		{80ED811B-4CF1-4F93-8197-35271125D8C6}.Debug|Any CPU.ActiveCfg = Debug|Any CPU
		{80ED811B-4CF1-4F93-8197-35271125D8C6}.Debug|Any CPU.Build.0 = Debug|Any CPU
		{80ED811B-4CF1-4F93-8197-35271125D8C6}.Release|Any CPU.ActiveCfg = Release|Any CPU
		{80ED811B-4CF1-4F93-8197-35271125D8C6}.Release|Any CPU.Build.0 = Release|Any CPU
		{A9FA8462-AE68-44B6-B20A-2B4F49D9BE87}.Debug|Any CPU.ActiveCfg = Debug|Any CPU
		{A9FA8462-AE68-44B6-B20A-2B4F49D9BE87}.Debug|Any CPU.Build.0 = Debug|Any CPU
		{A9FA8462-AE68-44B6-B20A-2B4F49D9BE87}.Release|Any CPU.ActiveCfg = Release|Any CPU
		{A9FA8462-AE68-44B6-B20A-2B4F49D9BE87}.Release|Any CPU.Build.0 = Release|Any CPU
		{474AD1C2-4309-4C1F-84BA-5BDBB759CD2A}.Debug|Any CPU.ActiveCfg = Debug|Any CPU
		{474AD1C2-4309-4C1F-84BA-5BDBB759CD2A}.Debug|Any CPU.Build.0 = Debug|Any CPU
		{474AD1C2-4309-4C1F-84BA-5BDBB759CD2A}.Release|Any CPU.ActiveCfg = Release|Any CPU
		{474AD1C2-4309-4C1F-84BA-5BDBB759CD2A}.Release|Any CPU.Build.0 = Release|Any CPU
		{7A9D8B1A-47B3-4088-8D5E-A5D46765FB8D}.Debug|Any CPU.ActiveCfg = Debug|Any CPU
		{7A9D8B1A-47B3-4088-8D5E-A5D46765FB8D}.Debug|Any CPU.Build.0 = Debug|Any CPU
		{7A9D8B1A-47B3-4088-8D5E-A5D46765FB8D}.Release|Any CPU.ActiveCfg = Release|Any CPU
		{7A9D8B1A-47B3-4088-8D5E-A5D46765FB8D}.Release|Any CPU.Build.0 = Release|Any CPU
	EndGlobalSection
	GlobalSection(SolutionProperties) = preSolution
		HideSolutionNode = FALSE
	EndGlobalSection
	GlobalSection(ExtensibilityGlobals) = postSolution
		SolutionGuid = {3870CCD5-1A2D-4703-99FA-2DF7053FED7A}
	EndGlobalSection
EndGlobal
